
Microsoft Visual Studio Solution File, Format Version 12.00
# Visual Studio Version 16
VisualStudioVersion = 16.0.29806.167
MinimumVisualStudioVersion = 10.0.40219.1
Project("{FAE04EC0-301F-11D3-BF4B-00C04F79EFBC}") = "LinqDemoCode", "LinqDemoCode\LinqDemoCode.csproj", "{BC70C41A-B24A-4C32-BAAC-EFF46F0676EE}"
EndProject
Global
	GlobalSection(SolutionConfigurationPlatforms) = preSolution
		Debug|Any CPU = Debug|Any CPU
		Release|Any CPU = Release|Any CPU
	EndGlobalSection
	GlobalSection(ProjectConfigurationPlatforms) = postSolution
		{BC70C41A-B24A-4C32-BAAC-EFF46F0676EE}.Debug|Any CPU.ActiveCfg = Debug|Any CPU
		{BC70C41A-B24A-4C32-BAAC-EFF46F0676EE}.Debug|Any CPU.Build.0 = Debug|Any CPU
		{BC70C41A-B24A-4C32-BAAC-EFF46F0676EE}.Release|Any CPU.ActiveCfg = Release|Any CPU
		{BC70C41A-B24A-4C32-BAAC-EFF46F0676EE}.Release|Any CPU.Build.0 = Release|Any CPU
	EndGlobalSection
	GlobalSection(SolutionProperties) = preSolution
		HideSolutionNode = FALSE
	EndGlobalSection
	GlobalSection(ExtensibilityGlobals) = postSolution
		SolutionGuid = {CEE4C49F-5929-435E-83EB-37CDC5A90633}
	EndGlobalSection
EndGlobal
